
Microsoft Visual Studio Solution File, Format Version 12.00
# Visual Studio Version 17
VisualStudioVersion = 17.13.35931.197
MinimumVisualStudioVersion = 10.0.40219.1
Project("{FAE04EC0-301F-11D3-BF4B-00C04F79EFBC}") = "CodeBundler", "CodeBundler\CodeBundler.csproj", "{3FCBDD63-8437-4706-B6CC-CCCE663C3B51}"
EndProject
Project("{FAE04EC0-301F-11D3-BF4B-00C04F79EFBC}") = "CodeBundler.Engine", "CodeBundler.Engine\CodeBundler.Engine.csproj", "{C7E739DF-2B65-4406-8D0B-1B3027BC3586}"
EndProject
Project("{FAE04EC0-301F-11D3-BF4B-00C04F79EFBC}") = "CodeBundler.Console", "CodeBundler.Console\CodeBundler.Console.csproj", "{9AD6C003-F682-46DB-8EA2-ABD50AC7C7F8}"
EndProject
Project("{2150E333-8FDC-42A3-9474-1A3956D46DE8}") = "Solution Files", "Solution Files", "{02EA681E-C7D8-13C7-8484-4AC65E1B71E8}"
	ProjectSection(SolutionItems) = preProject
		LICENSE.txt = LICENSE.txt
		README.md = README.md
	EndProjectSection
EndProject
Project("{2150E333-8FDC-42A3-9474-1A3956D46DE8}") = ".github", ".github", "{C5B9959B-EB76-49FC-889B-82CD5DA604AA}"
EndProject
Project("{2150E333-8FDC-42A3-9474-1A3956D46DE8}") = "workflows", "workflows", "{600A1B8B-8B82-4B02-AA06-DC6055E8B2D1}"
	ProjectSection(SolutionItems) = preProject
		.github\workflows\ci.yml = .github\workflows\ci.yml
	EndProjectSection
EndProject
Global
	GlobalSection(SolutionConfigurationPlatforms) = preSolution
		Debug|Any CPU = Debug|Any CPU
		Release|Any CPU = Release|Any CPU
	EndGlobalSection
	GlobalSection(ProjectConfigurationPlatforms) = postSolution
		{3FCBDD63-8437-4706-B6CC-CCCE663C3B51}.Debug|Any CPU.ActiveCfg = Debug|Any CPU
		{3FCBDD63-8437-4706-B6CC-CCCE663C3B51}.Debug|Any CPU.Build.0 = Debug|Any CPU
		{3FCBDD63-8437-4706-B6CC-CCCE663C3B51}.Release|Any CPU.ActiveCfg = Release|Any CPU
		{3FCBDD63-8437-4706-B6CC-CCCE663C3B51}.Release|Any CPU.Build.0 = Release|Any CPU
		{C7E739DF-2B65-4406-8D0B-1B3027BC3586}.Debug|Any CPU.ActiveCfg = Debug|Any CPU
		{C7E739DF-2B65-4406-8D0B-1B3027BC3586}.Debug|Any CPU.Build.0 = Debug|Any CPU
		{C7E739DF-2B65-4406-8D0B-1B3027BC3586}.Release|Any CPU.ActiveCfg = Release|Any CPU
		{C7E739DF-2B65-4406-8D0B-1B3027BC3586}.Release|Any CPU.Build.0 = Release|Any CPU
		{9AD6C003-F682-46DB-8EA2-ABD50AC7C7F8}.Debug|Any CPU.ActiveCfg = Debug|Any CPU
		{9AD6C003-F682-46DB-8EA2-ABD50AC7C7F8}.Debug|Any CPU.Build.0 = Debug|Any CPU
		{9AD6C003-F682-46DB-8EA2-ABD50AC7C7F8}.Release|Any CPU.ActiveCfg = Release|Any CPU
		{9AD6C003-F682-46DB-8EA2-ABD50AC7C7F8}.Release|Any CPU.Build.0 = Release|Any CPU
	EndGlobalSection
	GlobalSection(SolutionProperties) = preSolution
		HideSolutionNode = FALSE
	EndGlobalSection
	GlobalSection(NestedProjects) = preSolution
		{C5B9959B-EB76-49FC-889B-82CD5DA604AA} = {02EA681E-C7D8-13C7-8484-4AC65E1B71E8}
		{600A1B8B-8B82-4B02-AA06-DC6055E8B2D1} = {C5B9959B-EB76-49FC-889B-82CD5DA604AA}
	EndGlobalSection
	GlobalSection(ExtensibilityGlobals) = postSolution
		SolutionGuid = {464E6596-E106-4D43-9EAF-FDC54B9F892C}
	EndGlobalSection
EndGlobal
